# @generated - this file is auto-generated by `mise lock` https://mise.jdx.dev/dev-tools/mise-lock.html

lockfile_version = 2

[[tools."aqua:nextest-rs/nextest/cargo-nextest"]]
version = "0.9.146"
backend = "aqua:nextest-rs/nextest/cargo-nextest"
specifiers = ["0.9.146"]

[tools."aqua:nextest-rs/nextest/cargo-nextest"."platforms.linux-arm64"]
checksum = "sha256:b2e33d7c72de7ade0ff7b3a948ac37516b24f8a836b7a8870c1f634a94be9de9"
url = "https://github.com/nextest-rs/nextest/releases/download/cargo-nextest-0.9.146/cargo-nextest-0.9.146-aarch64-unknown-linux-gnu.tar.gz"
url_api = "https://api.github.com/repos/nextest-rs/nextest/releases/assets/579608024"

[tools."aqua:nextest-rs/nextest/cargo-nextest"."platforms.linux-arm64-musl"]
checksum = "sha256:62ae8b4ad034704f67417f8ed8b897566d82359ab44952729b925fb37eeb7622"
url = "https://github.com/nextest-rs/nextest/releases/download/cargo-nextest-0.9.146/cargo-nextest-0.9.146-aarch64-unknown-linux-musl.tar.gz"
url_api = "https://api.github.com/repos/nextest-rs/nextest/releases/assets/579610797"

[tools."aqua:nextest-rs/nextest/cargo-nextest"."platforms.linux-x64"]
checksum = "sha256:682c21b777c333e96fd532e114d3a5a894e0729ab88d94c0a9f20f8419695428"
url = "https://github.com/nextest-rs/nextest/releases/download/cargo-nextest-0.9.146/cargo-nextest-0.9.146-x86_64-unknown-linux-gnu.tar.gz"
url_api = "https://api.github.com/repos/nextest-rs/nextest/releases/assets/579609342"

[tools."aqua:nextest-rs/nextest/cargo-nextest"."platforms.linux-x64-musl"]
checksum = "sha256:b64617e8640624e8f9ba99819e37d7971154e97836d7ae4774fed4715501a6aa"
url = "https://github.com/nextest-rs/nextest/releases/download/cargo-nextest-0.9.146/cargo-nextest-0.9.146-x86_64-unknown-linux-musl.tar.gz"
url_api = "https://api.github.com/repos/nextest-rs/nextest/releases/assets/579610024"

[tools."aqua:nextest-rs/nextest/cargo-nextest"."platforms.macos-arm64"]
checksum = "sha256:39785160b3c2f6ed9a765049cf4fa79f3b39aa02eb7598a5a0e2a1a0b9ffb9a8"
url = "https://github.com/nextest-rs/nextest/releases/download/cargo-nextest-0.9.146/cargo-nextest-0.9.146-universal-apple-darwin.tar.gz"
url_api = "https://api.github.com/repos/nextest-rs/nextest/releases/assets/579630774"

[tools."aqua:nextest-rs/nextest/cargo-nextest"."platforms.windows-x64"]
checksum = "sha256:809b01f2c94d031ab6cf5f4d4a4f477c8f51b69c96ab3cb2fe4db7ecb222d0d3"
url = "https://github.com/nextest-rs/nextest/releases/download/cargo-nextest-0.9.146/cargo-nextest-0.9.146-x86_64-pc-windows-msvc.tar.gz"
url_api = "https://api.github.com/repos/nextest-rs/nextest/releases/assets/579617057"

[[tools."github:EmbarkStudios/cargo-deny"]]
version = "0.20.2"
backend = "github:EmbarkStudios/cargo-deny"
specifiers = ["0.20.2"]

[tools."github:EmbarkStudios/cargo-deny"."platforms.linux-arm64"]
checksum = "sha256:995c82be0defc7a025cae49a2aa2644ce8245c9a3318fc4103907c6a285e8c7d"
url = "https://github.com/EmbarkStudios/cargo-deny/releases/download/0.20.2/cargo-deny-0.20.2-aarch64-unknown-linux-musl.tar.gz"
url_api = "https://api.github.com/repos/EmbarkStudios/cargo-deny/releases/assets/471598345"

[tools."github:EmbarkStudios/cargo-deny"."platforms.linux-arm64-musl"]
checksum = "sha256:995c82be0defc7a025cae49a2aa2644ce8245c9a3318fc4103907c6a285e8c7d"
url = "https://github.com/EmbarkStudios/cargo-deny/releases/download/0.20.2/cargo-deny-0.20.2-aarch64-unknown-linux-musl.tar.gz"
url_api = "https://api.github.com/repos/EmbarkStudios/cargo-deny/releases/assets/471598345"

[tools."github:EmbarkStudios/cargo-deny"."platforms.linux-x64"]
checksum = "sha256:9f12ed4c49936e09b48bf862b595cde2fe64fcbd9d74dfacac6131ca824c8d5f"
url = "https://github.com/EmbarkStudios/cargo-deny/releases/download/0.20.2/cargo-deny-0.20.2-x86_64-unknown-linux-musl.tar.gz"
url_api = "https://api.github.com/repos/EmbarkStudios/cargo-deny/releases/assets/471598214"

[tools."github:EmbarkStudios/cargo-deny"."platforms.linux-x64-musl"]
checksum = "sha256:9f12ed4c49936e09b48bf862b595cde2fe64fcbd9d74dfacac6131ca824c8d5f"
url = "https://github.com/EmbarkStudios/cargo-deny/releases/download/0.20.2/cargo-deny-0.20.2-x86_64-unknown-linux-musl.tar.gz"
url_api = "https://api.github.com/repos/EmbarkStudios/cargo-deny/releases/assets/471598214"

[tools."github:EmbarkStudios/cargo-deny"."platforms.macos-arm64"]
checksum = "sha256:fe67d82a10d8597a3549364cb733a3f9cc1bfff9031b7ae46384a9f2a72090c3"
url = "https://github.com/EmbarkStudios/cargo-deny/releases/download/0.20.2/cargo-deny-0.20.2-aarch64-apple-darwin.tar.gz"
url_api = "https://api.github.com/repos/EmbarkStudios/cargo-deny/releases/assets/471597689"

[tools."github:EmbarkStudios/cargo-deny"."platforms.windows-x64"]
checksum = "sha256:975a22143262fd27476d19ee00c7af67978426e40e1dee94eed6bbade1cf87dc"
url = "https://github.com/EmbarkStudios/cargo-deny/releases/download/0.20.2/cargo-deny-0.20.2-x86_64-pc-windows-msvc.tar.gz"
url_api = "https://api.github.com/repos/EmbarkStudios/cargo-deny/releases/assets/471599057"

[[tools."github:asamarts/alint"]]
version = "0.15.2"
backend = "github:asamarts/alint"
specifiers = ["0.15.2"]

[tools."github:asamarts/alint"."platforms.linux-arm64"]
checksum = "sha256:a452485095b0c62fc395eb226529f2b6be9afbf817e92e4bee30f46de824d9f7"
url = "https://github.com/asamarts/alint/releases/download/v0.15.2/alint-v0.15.2-aarch64-unknown-linux-musl.tar.gz"
url_api = "https://api.github.com/repos/asamarts/alint/releases/assets/525561599"
provenance = "github-attestations"

[tools."github:asamarts/alint"."platforms.linux-arm64-musl"]
checksum = "sha256:a452485095b0c62fc395eb226529f2b6be9afbf817e92e4bee30f46de824d9f7"
url = "https://github.com/asamarts/alint/releases/download/v0.15.2/alint-v0.15.2-aarch64-unknown-linux-musl.tar.gz"
url_api = "https://api.github.com/repos/asamarts/alint/releases/assets/525561599"
provenance = "github-attestations"

[tools."github:asamarts/alint"."platforms.linux-x64"]
checksum = "sha256:b67ef64d6461573e4a40c54cd543238cbbf8126d4161e3c4385ac60cf6920295"
url = "https://github.com/asamarts/alint/releases/download/v0.15.2/alint-v0.15.2-x86_64-unknown-linux-musl.tar.gz"
url_api = "https://api.github.com/repos/asamarts/alint/releases/assets/525561603"
provenance = "github-attestations"

[tools."github:asamarts/alint"."platforms.linux-x64-musl"]
checksum = "sha256:b67ef64d6461573e4a40c54cd543238cbbf8126d4161e3c4385ac60cf6920295"
url = "https://github.com/asamarts/alint/releases/download/v0.15.2/alint-v0.15.2-x86_64-unknown-linux-musl.tar.gz"
url_api = "https://api.github.com/repos/asamarts/alint/releases/assets/525561603"
provenance = "github-attestations"

[tools."github:asamarts/alint"."platforms.macos-arm64"]
checksum = "sha256:6496585ede7b07d9aed3df321196c90725b48c6f41289c1c5a7fb28483426481"
url = "https://github.com/asamarts/alint/releases/download/v0.15.2/alint-v0.15.2-aarch64-apple-darwin.tar.gz"
url_api = "https://api.github.com/repos/asamarts/alint/releases/assets/525561597"
provenance = "github-attestations"

[tools."github:asamarts/alint"."platforms.windows-x64"]
checksum = "sha256:ef557017c901e2ebf1e3a22d8461ebe93c2abb20d8950838de6b3aec576d5612"
url = "https://github.com/asamarts/alint/releases/download/v0.15.2/alint-v0.15.2-x86_64-pc-windows-msvc.tar.gz"
url_api = "https://api.github.com/repos/asamarts/alint/releases/assets/525561600"
provenance = "github-attestations"

[[tools.mr-boxington]]
version = "1.20.0"
backend = "packslip:github.com/jdx/mr-boxington"
specifiers = ["1.20.0"]

[tools.mr-boxington."platforms.linux-arm64"]
checksum = "sha256:ce9f353547ea3e71642b44726a6d7ee503fabb93380176ada644a6e5eb8e6809"
url = "https://github.com/jdx/mr-boxington/releases/download/v1.20.0/mbx-aarch64-unknown-linux-gnu.tar.gz"
signer = "sigstore-oidc:https://github.com/jdx/mr-boxington/.github/workflows/release.yml"

[tools.mr-boxington."platforms.linux-arm64-musl"]
checksum = "sha256:2d91c8c06d912a53a3f56512326a65eadbad5e70b34c28ceed8ec0e923bdfdc1"
url = "https://github.com/jdx/mr-boxington/releases/download/v1.20.0/mbx-aarch64-unknown-linux-musl.tar.gz"
signer = "sigstore-oidc:https://github.com/jdx/mr-boxington/.github/workflows/release.yml"

[tools.mr-boxington."platforms.linux-x64"]
checksum = "sha256:f3537f6a2a7d3eaef5840fcd0bfccb108941f7a7ab395ec82914fd99c91ff357"
url = "https://github.com/jdx/mr-boxington/releases/download/v1.20.0/mbx-x86_64-unknown-linux-gnu.tar.gz"
signer = "sigstore-oidc:https://github.com/jdx/mr-boxington/.github/workflows/release.yml"

[tools.mr-boxington."platforms.linux-x64-musl"]
checksum = "sha256:c9dbbde6105aa852bcf3b8df616243225b14099ccdafd0923f6d7d181d55c93f"
url = "https://github.com/jdx/mr-boxington/releases/download/v1.20.0/mbx-x86_64-unknown-linux-musl.tar.gz"
signer = "sigstore-oidc:https://github.com/jdx/mr-boxington/.github/workflows/release.yml"

[tools.mr-boxington."platforms.macos-arm64"]
checksum = "sha256:0b4b12d09dd4cc4571a53472823dd04a987d0105e162ed2d383d73e22f17a602"
url = "https://github.com/jdx/mr-boxington/releases/download/v1.20.0/mbx-aarch64-apple-darwin.tar.gz"
signer = "sigstore-oidc:https://github.com/jdx/mr-boxington/.github/workflows/release.yml"

[tools.mr-boxington."platforms.windows-x64"]
checksum = "sha256:b31c4995a2293eedb3fdc4a67eb17d2df39a4d5e5928d774dbe90146ee6d799f"
url = "https://github.com/jdx/mr-boxington/releases/download/v1.20.0/mbx-x86_64-pc-windows-msvc.zip"
signer = "sigstore-oidc:https://github.com/jdx/mr-boxington/.github/workflows/release.yml"

[[tools.rust]]
version = "1.98.1"
backend = "core:rust"
specifiers = ["1.98.1"]
