# @generated - this file is auto-generated by `mise lock` https://mise.jdx.dev/dev-tools/mise-lock.html

lockfile_version = 2

[[tools."aqua:nextest-rs/nextest/cargo-nextest"]]
version = "0.9.146"
backend = "aqua:nextest-rs/nextest/cargo-nextest"
specifiers = ["0.9.146"]

[tools."aqua:nextest-rs/nextest/cargo-nextest"."platforms.linux-arm64"]
checksum = "sha256:b2e33d7c72de7ade0ff7b3a948ac37516b24f8a836b7a8870c1f634a94be9de9"
url = "https://github.com/nextest-rs/nextest/releases/download/cargo-nextest-0.9.146/cargo-nextest-0.9.146-aarch64-unknown-linux-gnu.tar.gz"
url_api = "https://api.github.com/repos/nextest-rs/nextest/releases/assets/579608024"

[tools."aqua:nextest-rs/nextest/cargo-nextest"."platforms.linux-arm64-musl"]
checksum = "sha256:62ae8b4ad034704f67417f8ed8b897566d82359ab44952729b925fb37eeb7622"
url = "https://github.com/nextest-rs/nextest/releases/download/cargo-nextest-0.9.146/cargo-nextest-0.9.146-aarch64-unknown-linux-musl.tar.gz"
url_api = "https://api.github.com/repos/nextest-rs/nextest/releases/assets/579610797"

[tools."aqua:nextest-rs/nextest/cargo-nextest"."platforms.linux-x64"]
checksum = "sha256:682c21b777c333e96fd532e114d3a5a894e0729ab88d94c0a9f20f8419695428"
url = "https://github.com/nextest-rs/nextest/releases/download/cargo-nextest-0.9.146/cargo-nextest-0.9.146-x86_64-unknown-linux-gnu.tar.gz"
url_api = "https://api.github.com/repos/nextest-rs/nextest/releases/assets/579609342"

[tools."aqua:nextest-rs/nextest/cargo-nextest"."platforms.linux-x64-musl"]
checksum = "sha256:b64617e8640624e8f9ba99819e37d7971154e97836d7ae4774fed4715501a6aa"
url = "https://github.com/nextest-rs/nextest/releases/download/cargo-nextest-0.9.146/cargo-nextest-0.9.146-x86_64-unknown-linux-musl.tar.gz"
url_api = "https://api.github.com/repos/nextest-rs/nextest/releases/assets/579610024"

[tools."aqua:nextest-rs/nextest/cargo-nextest"."platforms.macos-arm64"]
checksum = "sha256:39785160b3c2f6ed9a765049cf4fa79f3b39aa02eb7598a5a0e2a1a0b9ffb9a8"
url = "https://github.com/nextest-rs/nextest/releases/download/cargo-nextest-0.9.146/cargo-nextest-0.9.146-universal-apple-darwin.tar.gz"
url_api = "https://api.github.com/repos/nextest-rs/nextest/releases/assets/579630774"

[tools."aqua:nextest-rs/nextest/cargo-nextest"."platforms.windows-x64"]
checksum = "sha256:809b01f2c94d031ab6cf5f4d4a4f477c8f51b69c96ab3cb2fe4db7ecb222d0d3"
url = "https://github.com/nextest-rs/nextest/releases/download/cargo-nextest-0.9.146/cargo-nextest-0.9.146-x86_64-pc-windows-msvc.tar.gz"
url_api = "https://api.github.com/repos/nextest-rs/nextest/releases/assets/579617057"

[[tools."cargo:alint"]]
version = "0.15.2"
backend = "cargo:alint"
specifiers = ["0.15.2"]

[[tools."cargo:cargo-deny"]]
version = "0.20.2"
backend = "cargo:cargo-deny"
specifiers = ["0.20.2"]

[[tools.mr-boxington]]
version = "1.20.0"
backend = "packslip:github.com/jdx/mr-boxington"
specifiers = ["1.20.0"]

[tools.mr-boxington."platforms.linux-arm64"]
checksum = "sha256:ce9f353547ea3e71642b44726a6d7ee503fabb93380176ada644a6e5eb8e6809"
url = "https://github.com/jdx/mr-boxington/releases/download/v1.20.0/mbx-aarch64-unknown-linux-gnu.tar.gz"
signer = "sigstore-oidc:https://github.com/jdx/mr-boxington/.github/workflows/release.yml"

[tools.mr-boxington."platforms.linux-arm64-musl"]
checksum = "sha256:2d91c8c06d912a53a3f56512326a65eadbad5e70b34c28ceed8ec0e923bdfdc1"
url = "https://github.com/jdx/mr-boxington/releases/download/v1.20.0/mbx-aarch64-unknown-linux-musl.tar.gz"
signer = "sigstore-oidc:https://github.com/jdx/mr-boxington/.github/workflows/release.yml"

[tools.mr-boxington."platforms.linux-x64"]
checksum = "sha256:f3537f6a2a7d3eaef5840fcd0bfccb108941f7a7ab395ec82914fd99c91ff357"
url = "https://github.com/jdx/mr-boxington/releases/download/v1.20.0/mbx-x86_64-unknown-linux-gnu.tar.gz"
signer = "sigstore-oidc:https://github.com/jdx/mr-boxington/.github/workflows/release.yml"

[tools.mr-boxington."platforms.linux-x64-musl"]
checksum = "sha256:c9dbbde6105aa852bcf3b8df616243225b14099ccdafd0923f6d7d181d55c93f"
url = "https://github.com/jdx/mr-boxington/releases/download/v1.20.0/mbx-x86_64-unknown-linux-musl.tar.gz"
signer = "sigstore-oidc:https://github.com/jdx/mr-boxington/.github/workflows/release.yml"

[tools.mr-boxington."platforms.macos-arm64"]
checksum = "sha256:0b4b12d09dd4cc4571a53472823dd04a987d0105e162ed2d383d73e22f17a602"
url = "https://github.com/jdx/mr-boxington/releases/download/v1.20.0/mbx-aarch64-apple-darwin.tar.gz"
signer = "sigstore-oidc:https://github.com/jdx/mr-boxington/.github/workflows/release.yml"

[tools.mr-boxington."platforms.windows-x64"]
checksum = "sha256:b31c4995a2293eedb3fdc4a67eb17d2df39a4d5e5928d774dbe90146ee6d799f"
url = "https://github.com/jdx/mr-boxington/releases/download/v1.20.0/mbx-x86_64-pc-windows-msvc.zip"
signer = "sigstore-oidc:https://github.com/jdx/mr-boxington/.github/workflows/release.yml"

[[tools.rust]]
version = "1.98.1"
backend = "core:rust"
specifiers = ["1.98.1"]
